// !$*UTF8*$!
{
	archiveVersion = 1;
	classes = {
	};
	objectVersion = 56;
	objects = {

/* Begin PBXBuildFile section */
		2A08A66C2A0D2E4C000E6C59 /* ImagePicker.swift in Sources */ = {isa = PBXBuildFile; fileRef = 2A08A66B2A0D2E4C000E6C59 /* ImagePicker.swift */; };
		2A7ED1872A125E7C008440A2 /* FirebaseAuth in Frameworks */ = {isa = PBXBuildFile; productRef = 2A7ED1862A125E7C008440A2 /* FirebaseAuth */; };
		2A7ED1892A125E7C008440A2 /* FirebaseFirestore in Frameworks */ = {isa = PBXBuildFile; productRef = 2A7ED1882A125E7C008440A2 /* FirebaseFirestore */; };
		2A7ED18B2A125E7C008440A2 /* FirebaseStorage in Frameworks */ = {isa = PBXBuildFile; productRef = 2A7ED18A2A125E7C008440A2 /* FirebaseStorage */; };
		2A7ED18E2A1265F0008440A2 /* MainMessagesView.swift in Sources */ = {isa = PBXBuildFile; fileRef = 2A7ED18D2A1265F0008440A2 /* MainMessagesView.swift */; };
		2A7ED1912A13CAF6008440A2 /* FirebaseManager.swift in Sources */ = {isa = PBXBuildFile; fileRef = 2A7ED1902A13CAF6008440A2 /* FirebaseManager.swift */; };
		2A7ED1942A13D345008440A2 /* SDWebImageSwiftUI in Frameworks */ = {isa = PBXBuildFile; productRef = 2A7ED1932A13D345008440A2 /* SDWebImageSwiftUI */; };
		2A959F402A0BBE37005AC46B /* GoogleService-Info.plist in Resources */ = {isa = PBXBuildFile; fileRef = 2A959F3F2A0BBE36005AC46B /* GoogleService-Info.plist */; };
		2AC3637C2A0A820D0036C455 /* FirebaseChatAppApp.swift in Sources */ = {isa = PBXBuildFile; fileRef = 2AC3637B2A0A820D0036C455 /* FirebaseChatAppApp.swift */; };
		2AC3637E2A0A820D0036C455 /* LoginView.swift in Sources */ = {isa = PBXBuildFile; fileRef = 2AC3637D2A0A820D0036C455 /* LoginView.swift */; };
		2AC363802A0A820E0036C455 /* Assets.xcassets in Resources */ = {isa = PBXBuildFile; fileRef = 2AC3637F2A0A820E0036C455 /* Assets.xcassets */; };
		2AC363832A0A820E0036C455 /* Preview Assets.xcassets in Resources */ = {isa = PBXBuildFile; fileRef = 2AC363822A0A820E0036C455 /* Preview Assets.xcassets */; };
/* End PBXBuildFile section */

/* Begin PBXFileReference section */
		2A08A66B2A0D2E4C000E6C59 /* ImagePicker.swift */ = {isa = PBXFileReference; lastKnownFileType = sourcecode.swift; path = ImagePicker.swift; sourceTree = "<group>"; };
		2A7ED18D2A1265F0008440A2 /* MainMessagesView.swift */ = {isa = PBXFileReference; lastKnownFileType = sourcecode.swift; path = MainMessagesView.swift; sourceTree = "<group>"; };
		2A7ED1902A13CAF6008440A2 /* FirebaseManager.swift */ = {isa = PBXFileReference; lastKnownFileType = sourcecode.swift; path = FirebaseManager.swift; sourceTree = "<group>"; };
		2A959F3F2A0BBE36005AC46B /* GoogleService-Info.plist */ = {isa = PBXFileReference; fileEncoding = 4; lastKnownFileType = text.plist.xml; path = "GoogleService-Info.plist"; sourceTree = "<group>"; };
		2AC363782A0A820D0036C455 /* FirebaseChatApp.app */ = {isa = PBXFileReference; explicitFileType = wrapper.application; includeInIndex = 0; path = FirebaseChatApp.app; sourceTree = BUILT_PRODUCTS_DIR; };
		2AC3637B2A0A820D0036C455 /* FirebaseChatAppApp.swift */ = {isa = PBXFileReference; lastKnownFileType = sourcecode.swift; path = FirebaseChatAppApp.swift; sourceTree = "<group>"; };
		2AC3637D2A0A820D0036C455 /* LoginView.swift */ = {isa = PBXFileReference; lastKnownFileType = sourcecode.swift; path = LoginView.swift; sourceTree = "<group>"; };
		2AC3637F2A0A820E0036C455 /* Assets.xcassets */ = {isa = PBXFileReference; lastKnownFileType = folder.assetcatalog; path = Assets.xcassets; sourceTree = "<group>"; };
		2AC363822A0A820E0036C455 /* Preview Assets.xcassets */ = {isa = PBXFileReference; lastKnownFileType = folder.assetcatalog; path = "Preview Assets.xcassets"; sourceTree = "<group>"; };
/* End PBXFileReference section */

/* Begin PBXFrameworksBuildPhase section */
		2AC363752A0A820D0036C455 /* Frameworks */ = {
			isa = PBXFrameworksBuildPhase;
			buildActionMask = 2147483647;
			files = (
				2A7ED1942A13D345008440A2 /* SDWebImageSwiftUI in Frameworks */,
				2A7ED1872A125E7C008440A2 /* FirebaseAuth in Frameworks */,
				2A7ED1892A125E7C008440A2 /* FirebaseFirestore in Frameworks */,
				2A7ED18B2A125E7C008440A2 /* FirebaseStorage in Frameworks */,
			);
			runOnlyForDeploymentPostprocessing = 0;
		};
/* End PBXFrameworksBuildPhase section */

/* Begin PBXGroup section */
		2A7ED18C2A1265DB008440A2 /* MainMessages */ = {
			isa = PBXGroup;
			children = (
				2A7ED18D2A1265F0008440A2 /* MainMessagesView.swift */,
			);
			path = MainMessages;
			sourceTree = "<group>";
		};
		2A7ED18F2A13CAD9008440A2 /* Utils */ = {
			isa = PBXGroup;
			children = (
				2A7ED1902A13CAF6008440A2 /* FirebaseManager.swift */,
			);
			path = Utils;
			sourceTree = "<group>";
		};
		2AC3636F2A0A820D0036C455 = {
			isa = PBXGroup;
			children = (
				2A7ED18F2A13CAD9008440A2 /* Utils */,
				2A7ED18C2A1265DB008440A2 /* MainMessages */,
				2AC3637A2A0A820D0036C455 /* FirebaseChatApp */,
				2AC363792A0A820D0036C455 /* Products */,
			);
			sourceTree = "<group>";
		};
		2AC363792A0A820D0036C455 /* Products */ = {
			isa = PBXGroup;
			children = (
				2AC363782A0A820D0036C455 /* FirebaseChatApp.app */,
			);
			name = Products;
			sourceTree = "<group>";
		};
		2AC3637A2A0A820D0036C455 /* FirebaseChatApp */ = {
			isa = PBXGroup;
			children = (
				2AC3637B2A0A820D0036C455 /* FirebaseChatAppApp.swift */,
				2AC3637D2A0A820D0036C455 /* LoginView.swift */,
				2AC3637F2A0A820E0036C455 /* Assets.xcassets */,
				2A08A66B2A0D2E4C000E6C59 /* ImagePicker.swift */,
				2A959F3F2A0BBE36005AC46B /* GoogleService-Info.plist */,
				2AC363812A0A820E0036C455 /* Preview Content */,
			);
			path = FirebaseChatApp;
			sourceTree = "<group>";
		};
		2AC363812A0A820E0036C455 /* Preview Content */ = {
			isa = PBXGroup;
			children = (
				2AC363822A0A820E0036C455 /* Preview Assets.xcassets */,
			);
			path = "Preview Content";
			sourceTree = "<group>";
		};
/* End PBXGroup section */

/* Begin PBXNativeTarget section */
		2AC363772A0A820D0036C455 /* FirebaseChatApp */ = {
			isa = PBXNativeTarget;
			buildConfigurationList = 2AC363862A0A820E0036C455 /* Build configuration list for PBXNativeTarget "FirebaseChatApp" */;
			buildPhases = (
				2AC363742A0A820D0036C455 /* Sources */,
				2AC363752A0A820D0036C455 /* Frameworks */,
				2AC363762A0A820D0036C455 /* Resources */,
			);
			buildRules = (
			);
			dependencies = (
			);
			name = FirebaseChatApp;
			packageProductDependencies = (
				2A7ED1862A125E7C008440A2 /* FirebaseAuth */,
				2A7ED1882A125E7C008440A2 /* FirebaseFirestore */,
				2A7ED18A2A125E7C008440A2 /* FirebaseStorage */,
				2A7ED1932A13D345008440A2 /* SDWebImageSwiftUI */,
			);
			productName = FirebaseChatApp;
			productReference = 2AC363782A0A820D0036C455 /* FirebaseChatApp.app */;
			productType = "com.apple.product-type.application";
		};
/* End PBXNativeTarget section */

/* Begin PBXProject section */
		2AC363702A0A820D0036C455 /* Project object */ = {
			isa = PBXProject;
			attributes = {
				BuildIndependentTargetsInParallel = 1;
				LastSwiftUpdateCheck = 1430;
				LastUpgradeCheck = 1430;
				TargetAttributes = {
					2AC363772A0A820D0036C455 = {
						CreatedOnToolsVersion = 14.3;
					};
				};
			};
			buildConfigurationList = 2AC363732A0A820D0036C455 /* Build configuration list for PBXProject "FirebaseChatApp" */;
			compatibilityVersion = "Xcode 14.0";
			developmentRegion = en;
			hasScannedForEncodings = 0;
			knownRegions = (
				en,
				Base,
			);
			mainGroup = 2AC3636F2A0A820D0036C455;
			packageReferences = (
				2A7ED1852A125E7C008440A2 /* XCRemoteSwiftPackageReference "firebase-ios-sdk" */,
				2A7ED1922A13D345008440A2 /* XCRemoteSwiftPackageReference "SDWebImageSwiftUI" */,
			);
			productRefGroup = 2AC363792A0A820D0036C455 /* Products */;
			projectDirPath = "";
			projectRoot = "";
			targets = (
				2AC363772A0A820D0036C455 /* FirebaseChatApp */,
			);
		};
/* End PBXProject section */

/* Begin PBXResourcesBuildPhase section */
		2AC363762A0A820D0036C455 /* Resources */ = {
			isa = PBXResourcesBuildPhase;
			buildActionMask = 2147483647;
			files = (
				2AC363832A0A820E0036C455 /* Preview Assets.xcassets in Resources */,
				2A959F402A0BBE37005AC46B /* GoogleService-Info.plist in Resources */,
				2AC363802A0A820E0036C455 /* Assets.xcassets in Resources */,
			);
			runOnlyForDeploymentPostprocessing = 0;
		};
/* End PBXResourcesBuildPhase section */

/* Begin PBXSourcesBuildPhase section */
		2AC363742A0A820D0036C455 /* Sources */ = {
			isa = PBXSourcesBuildPhase;
			buildActionMask = 2147483647;
			files = (
				2A08A66C2A0D2E4C000E6C59 /* ImagePicker.swift in Sources */,
				2A7ED18E2A1265F0008440A2 /* MainMessagesView.swift in Sources */,
				2A7ED1912A13CAF6008440A2 /* FirebaseManager.swift in Sources */,
				2AC3637E2A0A820D0036C455 /* LoginView.swift in Sources */,
				2AC3637C2A0A820D0036C455 /* FirebaseChatAppApp.swift in Sources */,
			);
			runOnlyForDeploymentPostprocessing = 0;
		};
/* End PBXSourcesBuildPhase section */

/* Begin XCBuildConfiguration section */
		2AC363842A0A820E0036C455 /* Debug */ = {
			isa = XCBuildConfiguration;
			buildSettings = {
				ALWAYS_SEARCH_USER_PATHS = NO;
				CLANG_ANALYZER_NONNULL = YES;
				CLANG_ANALYZER_NUMBER_OBJECT_CONVERSION = YES_AGGRESSIVE;
				CLANG_CXX_LANGUAGE_STANDARD = "gnu++20";
				CLANG_ENABLE_MODULES = YES;
				CLANG_ENABLE_OBJC_ARC = YES;
				CLANG_ENABLE_OBJC_WEAK = YES;
				CLANG_WARN_BLOCK_CAPTURE_AUTORELEASING = YES;
				CLANG_WARN_BOOL_CONVERSION = YES;
				CLANG_WARN_COMMA = YES;
				CLANG_WARN_CONSTANT_CONVERSION = YES;
				CLANG_WARN_DEPRECATED_OBJC_IMPLEMENTATIONS = YES;
				CLANG_WARN_DIRECT_OBJC_ISA_USAGE = YES_ERROR;
				CLANG_WARN_DOCUMENTATION_COMMENTS = YES;
				CLANG_WARN_EMPTY_BODY = YES;
				CLANG_WARN_ENUM_CONVERSION = YES;
				CLANG_WARN_INFINITE_RECURSION = YES;
				CLANG_WARN_INT_CONVERSION = YES;
				CLANG_WARN_NON_LITERAL_NULL_CONVERSION = YES;
				CLANG_WARN_OBJC_IMPLICIT_RETAIN_SELF = YES;
				CLANG_WARN_OBJC_LITERAL_CONVERSION = YES;
				CLANG_WARN_OBJC_ROOT_CLASS = YES_ERROR;
				CLANG_WARN_QUOTED_INCLUDE_IN_FRAMEWORK_HEADER = YES;
				CLANG_WARN_RANGE_LOOP_ANALYSIS = YES;
				CLANG_WARN_STRICT_PROTOTYPES = YES;
				CLANG_WARN_SUSPICIOUS_MOVE = YES;
				CLANG_WARN_UNGUARDED_AVAILABILITY = YES_AGGRESSIVE;
				CLANG_WARN_UNREACHABLE_CODE = YES;
				CLANG_WARN__DUPLICATE_METHOD_MATCH = YES;
				COPY_PHASE_STRIP = NO;
				DEBUG_INFORMATION_FORMAT = dwarf;
				ENABLE_STRICT_OBJC_MSGSEND = YES;
				ENABLE_TESTABILITY = YES;
				GCC_C_LANGUAGE_STANDARD = gnu11;
				GCC_DYNAMIC_NO_PIC = NO;
				GCC_NO_COMMON_BLOCKS = YES;
				GCC_OPTIMIZATION_LEVEL = 0;
				GCC_PREPROCESSOR_DEFINITIONS = (
					"DEBUG=1",
					"$(inherited)",
				);
				GCC_WARN_64_TO_32_BIT_CONVERSION = YES;
				GCC_WARN_ABOUT_RETURN_TYPE = YES_ERROR;
				GCC_WARN_UNDECLARED_SELECTOR = YES;
				GCC_WARN_UNINITIALIZED_AUTOS = YES_AGGRESSIVE;
				GCC_WARN_UNUSED_FUNCTION = YES;
				GCC_WARN_UNUSED_VARIABLE = YES;
				IPHONEOS_DEPLOYMENT_TARGET = 16.4;
				MTL_ENABLE_DEBUG_INFO = INCLUDE_SOURCE;
				MTL_FAST_MATH = YES;
				ONLY_ACTIVE_ARCH = YES;
				SDKROOT = iphoneos;
				SWIFT_ACTIVE_COMPILATION_CONDITIONS = DEBUG;
				SWIFT_OPTIMIZATION_LEVEL = "-Onone";
			};
			name = Debug;
		};
		2AC363852A0A820E0036C455 /* Release */ = {
			isa = XCBuildConfiguration;
			buildSettings = {
				ALWAYS_SEARCH_USER_PATHS = NO;
				CLANG_ANALYZER_NONNULL = YES;
				CLANG_ANALYZER_NUMBER_OBJECT_CONVERSION = YES_AGGRESSIVE;
				CLANG_CXX_LANGUAGE_STANDARD = "gnu++20";
				CLANG_ENABLE_MODULES = YES;
				CLANG_ENABLE_OBJC_ARC = YES;
				CLANG_ENABLE_OBJC_WEAK = YES;
				CLANG_WARN_BLOCK_CAPTURE_AUTORELEASING = YES;
				CLANG_WARN_BOOL_CONVERSION = YES;
				CLANG_WARN_COMMA = YES;
				CLANG_WARN_CONSTANT_CONVERSION = YES;
				CLANG_WARN_DEPRECATED_OBJC_IMPLEMENTATIONS = YES;
				CLANG_WARN_DIRECT_OBJC_ISA_USAGE = YES_ERROR;
				CLANG_WARN_DOCUMENTATION_COMMENTS = YES;
				CLANG_WARN_EMPTY_BODY = YES;
				CLANG_WARN_ENUM_CONVERSION = YES;
				CLANG_WARN_INFINITE_RECURSION = YES;
				CLANG_WARN_INT_CONVERSION = YES;
				CLANG_WARN_NON_LITERAL_NULL_CONVERSION = YES;
				CLANG_WARN_OBJC_IMPLICIT_RETAIN_SELF = YES;
				CLANG_WARN_OBJC_LITERAL_CONVERSION = YES;
				CLANG_WARN_OBJC_ROOT_CLASS = YES_ERROR;
				CLANG_WARN_QUOTED_INCLUDE_IN_FRAMEWORK_HEADER = YES;
				CLANG_WARN_RANGE_LOOP_ANALYSIS = YES;
				CLANG_WARN_STRICT_PROTOTYPES = YES;
				CLANG_WARN_SUSPICIOUS_MOVE = YES;
				CLANG_WARN_UNGUARDED_AVAILABILITY = YES_AGGRESSIVE;
				CLANG_WARN_UNREACHABLE_CODE = YES;
				CLANG_WARN__DUPLICATE_METHOD_MATCH = YES;
				COPY_PHASE_STRIP = NO;
				DEBUG_INFORMATION_FORMAT = "dwarf-with-dsym";
				ENABLE_NS_ASSERTIONS = NO;
				ENABLE_STRICT_OBJC_MSGSEND = YES;
				GCC_C_LANGUAGE_STANDARD = gnu11;
				GCC_NO_COMMON_BLOCKS = YES;
				GCC_WARN_64_TO_32_BIT_CONVERSION = YES;
				GCC_WARN_ABOUT_RETURN_TYPE = YES_ERROR;
				GCC_WARN_UNDECLARED_SELECTOR = YES;
				GCC_WARN_UNINITIALIZED_AUTOS = YES_AGGRESSIVE;
				GCC_WARN_UNUSED_FUNCTION = YES;
				GCC_WARN_UNUSED_VARIABLE = YES;
				IPHONEOS_DEPLOYMENT_TARGET = 16.4;
				MTL_ENABLE_DEBUG_INFO = NO;
				MTL_FAST_MATH = YES;
				SDKROOT = iphoneos;
				SWIFT_COMPILATION_MODE = wholemodule;
				SWIFT_OPTIMIZATION_LEVEL = "-O";
				VALIDATE_PRODUCT = YES;
			};
			name = Release;
		};
		2AC363872A0A820E0036C455 /* Debug */ = {
			isa = XCBuildConfiguration;
			buildSettings = {
				ASSETCATALOG_COMPILER_APPICON_NAME = AppIcon;
				ASSETCATALOG_COMPILER_GLOBAL_ACCENT_COLOR_NAME = AccentColor;
				CODE_SIGN_STYLE = Automatic;
				CURRENT_PROJECT_VERSION = 1;
				DEVELOPMENT_ASSET_PATHS = "\"FirebaseChatApp/Preview Content\"";
				DEVELOPMENT_TEAM = HW8AY42828;
				ENABLE_PREVIEWS = YES;
				GENERATE_INFOPLIST_FILE = YES;
				INFOPLIST_KEY_UIApplicationSceneManifest_Generation = YES;
				INFOPLIST_KEY_UIApplicationSupportsIndirectInputEvents = YES;
				INFOPLIST_KEY_UILaunchScreen_Generation = YES;
				INFOPLIST_KEY_UISupportedInterfaceOrientations_iPad = "UIInterfaceOrientationPortrait UIInterfaceOrientationPortraitUpsideDown UIInterfaceOrientationLandscapeLeft UIInterfaceOrientationLandscapeRight";
				INFOPLIST_KEY_UISupportedInterfaceOrientations_iPhone = "UIInterfaceOrientationPortrait UIInterfaceOrientationLandscapeLeft UIInterfaceOrientationLandscapeRight";
				LD_RUNPATH_SEARCH_PATHS = (
					"$(inherited)",
					"@executable_path/Frameworks",
				);
				MARKETING_VERSION = 1.0;
				PRODUCT_BUNDLE_IDENTIFIER = msaiddede.FirebaseChatApp;
				PRODUCT_NAME = "$(TARGET_NAME)";
				SWIFT_EMIT_LOC_STRINGS = YES;
				SWIFT_VERSION = 5.0;
				TARGETED_DEVICE_FAMILY = "1,2";
			};
			name = Debug;
		};
		2AC363882A0A820E0036C455 /* Release */ = {
			isa = XCBuildConfiguration;
			buildSettings = {
				ASSETCATALOG_COMPILER_APPICON_NAME = AppIcon;
				ASSETCATALOG_COMPILER_GLOBAL_ACCENT_COLOR_NAME = AccentColor;
				CODE_SIGN_STYLE = Automatic;
				CURRENT_PROJECT_VERSION = 1;
				DEVELOPMENT_ASSET_PATHS = "\"FirebaseChatApp/Preview Content\"";
				DEVELOPMENT_TEAM = HW8AY42828;
				ENABLE_PREVIEWS = YES;
				GENERATE_INFOPLIST_FILE = YES;
				INFOPLIST_KEY_UIApplicationSceneManifest_Generation = YES;
				INFOPLIST_KEY_UIApplicationSupportsIndirectInputEvents = YES;
				INFOPLIST_KEY_UILaunchScreen_Generation = YES;
				INFOPLIST_KEY_UISupportedInterfaceOrientations_iPad = "UIInterfaceOrientationPortrait UIInterfaceOrientationPortraitUpsideDown UIInterfaceOrientationLandscapeLeft UIInterfaceOrientationLandscapeRight";
				INFOPLIST_KEY_UISupportedInterfaceOrientations_iPhone = "UIInterfaceOrientationPortrait UIInterfaceOrientationLandscapeLeft UIInterfaceOrientationLandscapeRight";
				LD_RUNPATH_SEARCH_PATHS = (
					"$(inherited)",
					"@executable_path/Frameworks",
				);
				MARKETING_VERSION = 1.0;
				PRODUCT_BUNDLE_IDENTIFIER = msaiddede.FirebaseChatApp;
				PRODUCT_NAME = "$(TARGET_NAME)";
				SWIFT_EMIT_LOC_STRINGS = YES;
				SWIFT_VERSION = 5.0;
				TARGETED_DEVICE_FAMILY = "1,2";
			};
			name = Release;
		};
/* End XCBuildConfiguration section */

/* Begin XCConfigurationList section */
		2AC363732A0A820D0036C455 /* Build configuration list for PBXProject "FirebaseChatApp" */ = {
			isa = XCConfigurationList;
			buildConfigurations = (
				2AC363842A0A820E0036C455 /* Debug */,
				2AC363852A0A820E0036C455 /* Release */,
			);
			defaultConfigurationIsVisible = 0;
			defaultConfigurationName = Release;
		};
		2AC363862A0A820E0036C455 /* Build configuration list for PBXNativeTarget "FirebaseChatApp" */ = {
			isa = XCConfigurationList;
			buildConfigurations = (
				2AC363872A0A820E0036C455 /* Debug */,
				2AC363882A0A820E0036C455 /* Release */,
			);
			defaultConfigurationIsVisible = 0;
			defaultConfigurationName = Release;
		};
/* End XCConfigurationList section */

/* Begin XCRemoteSwiftPackageReference section */
		2A7ED1852A125E7C008440A2 /* XCRemoteSwiftPackageReference "firebase-ios-sdk" */ = {
			isa = XCRemoteSwiftPackageReference;
			repositoryURL = "https://github.com/firebase/firebase-ios-sdk.git";
			requirement = {
				kind = upToNextMajorVersion;
				minimumVersion = 10.0.0;
			};
		};
		2A7ED1922A13D345008440A2 /* XCRemoteSwiftPackageReference "SDWebImageSwiftUI" */ = {
			isa = XCRemoteSwiftPackageReference;
			repositoryURL = "https://github.com/SDWebImage/SDWebImageSwiftUI.git";
			requirement = {
				kind = upToNextMajorVersion;
				minimumVersion = 2.0.0;
			};
		};
/* End XCRemoteSwiftPackageReference section */

/* Begin XCSwiftPackageProductDependency section */
		2A7ED1862A125E7C008440A2 /* FirebaseAuth */ = {
			isa = XCSwiftPackageProductDependency;
			package = 2A7ED1852A125E7C008440A2 /* XCRemoteSwiftPackageReference "firebase-ios-sdk" */;
			productName = FirebaseAuth;
		};
		2A7ED1882A125E7C008440A2 /* FirebaseFirestore */ = {
			isa = XCSwiftPackageProductDependency;
			package = 2A7ED1852A125E7C008440A2 /* XCRemoteSwiftPackageReference "firebase-ios-sdk" */;
			productName = FirebaseFirestore;
		};
		2A7ED18A2A125E7C008440A2 /* FirebaseStorage */ = {
			isa = XCSwiftPackageProductDependency;
			package = 2A7ED1852A125E7C008440A2 /* XCRemoteSwiftPackageReference "firebase-ios-sdk" */;
			productName = FirebaseStorage;
		};
		2A7ED1932A13D345008440A2 /* SDWebImageSwiftUI */ = {
			isa = XCSwiftPackageProductDependency;
			package = 2A7ED1922A13D345008440A2 /* XCRemoteSwiftPackageReference "SDWebImageSwiftUI" */;
			productName = SDWebImageSwiftUI;
		};
/* End XCSwiftPackageProductDependency section */
	};
	rootObject = 2AC363702A0A820D0036C455 /* Project object */;
}
